// !$*UTF8*$!
{
	archiveVersion = 1;
	classes = {
	};
	objectVersion = 50;
	objects = {

/* Begin PBXBuildFile section */
		7FFC2D442295472900A9B00F /* AppDelegate.swift in Sources */ = {isa = PBXBuildFile; fileRef = 7FFC2D432295472900A9B00F /* AppDelegate.swift */; };
		7FFC2D462295472900A9B00F /* ViewController.swift in Sources */ = {isa = PBXBuildFile; fileRef = 7FFC2D452295472900A9B00F /* ViewController.swift */; };
		7FFC2D492295472900A9B00F /* Main.storyboard in Resources */ = {isa = PBXBuildFile; fileRef = 7FFC2D472295472900A9B00F /* Main.storyboard */; };
		7FFC2D4B2295472F00A9B00F /* Assets.xcassets in Resources */ = {isa = PBXBuildFile; fileRef = 7FFC2D4A2295472F00A9B00F /* Assets.xcassets */; };
		7FFC2D4E2295472F00A9B00F /* LaunchScreen.storyboard in Resources */ = {isa = PBXBuildFile; fileRef = 7FFC2D4C2295472F00A9B00F /* LaunchScreen.storyboard */; };
		7FFC2D5A22954E5D00A9B00F /* Default-568h@2x.png in Resources */ = {isa = PBXBuildFile; fileRef = 7FFC2D5922954E5D00A9B00F /* Default-568h@2x.png */; };
		7FFC2D5C2295A94E00A9B00F /* question.swift in Sources */ = {isa = PBXBuildFile; fileRef = 7FFC2D5B2295A94E00A9B00F /* question.swift */; };
		7FFC2D5E2295EA4200A9B00F /* QuestionBank.swift in Sources */ = {isa = PBXBuildFile; fileRef = 7FFC2D5D2295EA4200A9B00F /* QuestionBank.swift */; };
/* End PBXBuildFile section */

/* Begin PBXFileReference section */
		7FFC2D402295472900A9B00F /* Quiz.app */ = {isa = PBXFileReference; explicitFileType = wrapper.application; includeInIndex = 0; path = Quiz.app; sourceTree = BUILT_PRODUCTS_DIR; };
		7FFC2D432295472900A9B00F /* AppDelegate.swift */ = {isa = PBXFileReference; lastKnownFileType = sourcecode.swift; path = AppDelegate.swift; sourceTree = "<group>"; };
		7FFC2D452295472900A9B00F /* ViewController.swift */ = {isa = PBXFileReference; lastKnownFileType = sourcecode.swift; path = ViewController.swift; sourceTree = "<group>"; };
		7FFC2D482295472900A9B00F /* Base */ = {isa = PBXFileReference; lastKnownFileType = file.storyboard; name = Base; path = Base.lproj/Main.storyboard; sourceTree = "<group>"; };
		7FFC2D4A2295472F00A9B00F /* Assets.xcassets */ = {isa = PBXFileReference; lastKnownFileType = folder.assetcatalog; path = Assets.xcassets; sourceTree = "<group>"; };
		7FFC2D4D2295472F00A9B00F /* Base */ = {isa = PBXFileReference; lastKnownFileType = file.storyboard; name = Base; path = Base.lproj/LaunchScreen.storyboard; sourceTree = "<group>"; };
		7FFC2D4F2295472F00A9B00F /* Info.plist */ = {isa = PBXFileReference; lastKnownFileType = text.plist.xml; path = Info.plist; sourceTree = "<group>"; };
		7FFC2D5922954E5D00A9B00F /* Default-568h@2x.png */ = {isa = PBXFileReference; lastKnownFileType = image.png; path = "Default-568h@2x.png"; sourceTree = "<group>"; };
		7FFC2D5B2295A94E00A9B00F /* question.swift */ = {isa = PBXFileReference; lastKnownFileType = sourcecode.swift; path = question.swift; sourceTree = "<group>"; };
		7FFC2D5D2295EA4200A9B00F /* QuestionBank.swift */ = {isa = PBXFileReference; lastKnownFileType = sourcecode.swift; path = QuestionBank.swift; sourceTree = "<group>"; };
/* End PBXFileReference section */

/* Begin PBXFrameworksBuildPhase section */
		7FFC2D3D2295472900A9B00F /* Frameworks */ = {
			isa = PBXFrameworksBuildPhase;
			buildActionMask = 2147483647;
			files = (
			);
			runOnlyForDeploymentPostprocessing = 0;
		};
/* End PBXFrameworksBuildPhase section */

/* Begin PBXGroup section */
		7FFC2D372295472900A9B00F = {
			isa = PBXGroup;
			children = (
				7FFC2D5922954E5D00A9B00F /* Default-568h@2x.png */,
				7FFC2D422295472900A9B00F /* Quiz */,
				7FFC2D412295472900A9B00F /* Products */,
			);
			sourceTree = "<group>";
		};
		7FFC2D412295472900A9B00F /* Products */ = {
			isa = PBXGroup;
			children = (
				7FFC2D402295472900A9B00F /* Quiz.app */,
			);
			name = Products;
			sourceTree = "<group>";
		};
		7FFC2D422295472900A9B00F /* Quiz */ = {
			isa = PBXGroup;
			children = (
				7FFC2D5822954BC600A9B00F /* Supporting Files */,
				7FFC2D5722954BBB00A9B00F /* Controller */,
				7FFC2D5622954BB600A9B00F /* View */,
				7FFC2D5522954BB000A9B00F /* Model */,
			);
			path = Quiz;
			sourceTree = "<group>";
		};
		7FFC2D5522954BB000A9B00F /* Model */ = {
			isa = PBXGroup;
			children = (
				7FFC2D5B2295A94E00A9B00F /* question.swift */,
				7FFC2D5D2295EA4200A9B00F /* QuestionBank.swift */,
			);
			path = Model;
			sourceTree = "<group>";
		};
		7FFC2D5622954BB600A9B00F /* View */ = {
			isa = PBXGroup;
			children = (
				7FFC2D472295472900A9B00F /* Main.storyboard */,
				7FFC2D4A2295472F00A9B00F /* Assets.xcassets */,
			);
			path = View;
			sourceTree = "<group>";
		};
		7FFC2D5722954BBB00A9B00F /* Controller */ = {
			isa = PBXGroup;
			children = (
				7FFC2D432295472900A9B00F /* AppDelegate.swift */,
				7FFC2D452295472900A9B00F /* ViewController.swift */,
			);
			path = Controller;
			sourceTree = "<group>";
		};
		7FFC2D5822954BC600A9B00F /* Supporting Files */ = {
			isa = PBXGroup;
			children = (
				7FFC2D4C2295472F00A9B00F /* LaunchScreen.storyboard */,
				7FFC2D4F2295472F00A9B00F /* Info.plist */,
			);
			path = "Supporting Files";
			sourceTree = "<group>";
		};
/* End PBXGroup section */

/* Begin PBXNativeTarget section */
		7FFC2D3F2295472900A9B00F /* Quiz */ = {
			isa = PBXNativeTarget;
			buildConfigurationList = 7FFC2D522295472F00A9B00F /* Build configuration list for PBXNativeTarget "Quiz" */;
			buildPhases = (
				7FFC2D3C2295472900A9B00F /* Sources */,
				7FFC2D3D2295472900A9B00F /* Frameworks */,
				7FFC2D3E2295472900A9B00F /* Resources */,
			);
			buildRules = (
			);
			dependencies = (
			);
			name = Quiz;
			productName = Quiz;
			productReference = 7FFC2D402295472900A9B00F /* Quiz.app */;
			productType = "com.apple.product-type.application";
		};
/* End PBXNativeTarget section */

/* Begin PBXProject section */
		7FFC2D382295472900A9B00F /* Project object */ = {
			isa = PBXProject;
			attributes = {
				LastSwiftUpdateCheck = 1020;
				LastUpgradeCheck = 1020;
				ORGANIZATIONNAME = "Syed Shakeeb";
				TargetAttributes = {
					7FFC2D3F2295472900A9B00F = {
						CreatedOnToolsVersion = 10.2.1;
					};
				};
			};
			buildConfigurationList = 7FFC2D3B2295472900A9B00F /* Build configuration list for PBXProject "Quiz" */;
			compatibilityVersion = "Xcode 9.3";
			developmentRegion = en;
			hasScannedForEncodings = 0;
			knownRegions = (
				en,
				Base,
			);
			mainGroup = 7FFC2D372295472900A9B00F;
			productRefGroup = 7FFC2D412295472900A9B00F /* Products */;
			projectDirPath = "";
			projectRoot = "";
			targets = (
				7FFC2D3F2295472900A9B00F /* Quiz */,
			);
		};
/* End PBXProject section */

/* Begin PBXResourcesBuildPhase section */
		7FFC2D3E2295472900A9B00F /* Resources */ = {
			isa = PBXResourcesBuildPhase;
			buildActionMask = 2147483647;
			files = (
				7FFC2D4E2295472F00A9B00F /* LaunchScreen.storyboard in Resources */,
				7FFC2D5A22954E5D00A9B00F /* Default-568h@2x.png in Resources */,
				7FFC2D4B2295472F00A9B00F /* Assets.xcassets in Resources */,
				7FFC2D492295472900A9B00F /* Main.storyboard in Resources */,
			);
			runOnlyForDeploymentPostprocessing = 0;
		};
/* End PBXResourcesBuildPhase section */

/* Begin PBXSourcesBuildPhase section */
		7FFC2D3C2295472900A9B00F /* Sources */ = {
			isa = PBXSourcesBuildPhase;
			buildActionMask = 2147483647;
			files = (
				7FFC2D462295472900A9B00F /* ViewController.swift in Sources */,
				7FFC2D5E2295EA4200A9B00F /* QuestionBank.swift in Sources */,
				7FFC2D442295472900A9B00F /* AppDelegate.swift in Sources */,
				7FFC2D5C2295A94E00A9B00F /* question.swift in Sources */,
			);
			runOnlyForDeploymentPostprocessing = 0;
		};
/* End PBXSourcesBuildPhase section */

/* Begin PBXVariantGroup section */
		7FFC2D472295472900A9B00F /* Main.storyboard */ = {
			isa = PBXVariantGroup;
			children = (
				7FFC2D482295472900A9B00F /* Base */,
			);
			name = Main.storyboard;
			sourceTree = "<group>";
		};
		7FFC2D4C2295472F00A9B00F /* LaunchScreen.storyboard */ = {
			isa = PBXVariantGroup;
			children = (
				7FFC2D4D2295472F00A9B00F /* Base */,
			);
			name = LaunchScreen.storyboard;
			sourceTree = "<group>";
		};
/* End PBXVariantGroup section */

/* Begin XCBuildConfiguration section */
		7FFC2D502295472F00A9B00F /* Debug */ = {
			isa = XCBuildConfiguration;
			buildSettings = {
				ALWAYS_SEARCH_USER_PATHS = NO;
				CLANG_ANALYZER_NONNULL = YES;
				CLANG_ANALYZER_NUMBER_OBJECT_CONVERSION = YES_AGGRESSIVE;
				CLANG_CXX_LANGUAGE_STANDARD = "gnu++14";
				CLANG_CXX_LIBRARY = "libc++";
				CLANG_ENABLE_MODULES = YES;
				CLANG_ENABLE_OBJC_ARC = YES;
				CLANG_ENABLE_OBJC_WEAK = YES;
				CLANG_WARN_BLOCK_CAPTURE_AUTORELEASING = YES;
				CLANG_WARN_BOOL_CONVERSION = YES;
				CLANG_WARN_COMMA = YES;
				CLANG_WARN_CONSTANT_CONVERSION = YES;
				CLANG_WARN_DEPRECATED_OBJC_IMPLEMENTATIONS = YES;
				CLANG_WARN_DIRECT_OBJC_ISA_USAGE = YES_ERROR;
				CLANG_WARN_DOCUMENTATION_COMMENTS = YES;
				CLANG_WARN_EMPTY_BODY = YES;
				CLANG_WARN_ENUM_CONVERSION = YES;
				CLANG_WARN_INFINITE_RECURSION = YES;
				CLANG_WARN_INT_CONVERSION = YES;
				CLANG_WARN_NON_LITERAL_NULL_CONVERSION = YES;
				CLANG_WARN_OBJC_IMPLICIT_RETAIN_SELF = YES;
				CLANG_WARN_OBJC_LITERAL_CONVERSION = YES;
				CLANG_WARN_OBJC_ROOT_CLASS = YES_ERROR;
				CLANG_WARN_RANGE_LOOP_ANALYSIS = YES;
				CLANG_WARN_STRICT_PROTOTYPES = YES;
				CLANG_WARN_SUSPICIOUS_MOVE = YES;
				CLANG_WARN_UNGUARDED_AVAILABILITY = YES_AGGRESSIVE;
				CLANG_WARN_UNREACHABLE_CODE = YES;
				CLANG_WARN__DUPLICATE_METHOD_MATCH = YES;
				CODE_SIGN_IDENTITY = "iPhone Developer";
				COPY_PHASE_STRIP = NO;
				DEBUG_INFORMATION_FORMAT = dwarf;
				ENABLE_STRICT_OBJC_MSGSEND = YES;
				ENABLE_TESTABILITY = YES;
				GCC_C_LANGUAGE_STANDARD = gnu11;
				GCC_DYNAMIC_NO_PIC = NO;
				GCC_NO_COMMON_BLOCKS = YES;
				GCC_OPTIMIZATION_LEVEL = 0;
				GCC_PREPROCESSOR_DEFINITIONS = (
					"DEBUG=1",
					"$(inherited)",
				);
				GCC_WARN_64_TO_32_BIT_CONVERSION = YES;
				GCC_WARN_ABOUT_RETURN_TYPE = YES_ERROR;
				GCC_WARN_UNDECLARED_SELECTOR = YES;
				GCC_WARN_UNINITIALIZED_AUTOS = YES_AGGRESSIVE;
				GCC_WARN_UNUSED_FUNCTION = YES;
				GCC_WARN_UNUSED_VARIABLE = YES;
				IPHONEOS_DEPLOYMENT_TARGET = 12.2;
				MTL_ENABLE_DEBUG_INFO = INCLUDE_SOURCE;
				MTL_FAST_MATH = YES;
				ONLY_ACTIVE_ARCH = YES;
				SDKROOT = iphoneos;
				SWIFT_ACTIVE_COMPILATION_CONDITIONS = DEBUG;
				SWIFT_OPTIMIZATION_LEVEL = "-Onone";
			};
			name = Debug;
		};
		7FFC2D512295472F00A9B00F /* Release */ = {
			isa = XCBuildConfiguration;
			buildSettings = {
				ALWAYS_SEARCH_USER_PATHS = NO;
				CLANG_ANALYZER_NONNULL = YES;
				CLANG_ANALYZER_NUMBER_OBJECT_CONVERSION = YES_AGGRESSIVE;
				CLANG_CXX_LANGUAGE_STANDARD = "gnu++14";
				CLANG_CXX_LIBRARY = "libc++";
				CLANG_ENABLE_MODULES = YES;
				CLANG_ENABLE_OBJC_ARC = YES;
				CLANG_ENABLE_OBJC_WEAK = YES;
				CLANG_WARN_BLOCK_CAPTURE_AUTORELEASING = YES;
				CLANG_WARN_BOOL_CONVERSION = YES;
				CLANG_WARN_COMMA = YES;
				CLANG_WARN_CONSTANT_CONVERSION = YES;
				CLANG_WARN_DEPRECATED_OBJC_IMPLEMENTATIONS = YES;
				CLANG_WARN_DIRECT_OBJC_ISA_USAGE = YES_ERROR;
				CLANG_WARN_DOCUMENTATION_COMMENTS = YES;
				CLANG_WARN_EMPTY_BODY = YES;
				CLANG_WARN_ENUM_CONVERSION = YES;
				CLANG_WARN_INFINITE_RECURSION = YES;
				CLANG_WARN_INT_CONVERSION = YES;
				CLANG_WARN_NON_LITERAL_NULL_CONVERSION = YES;
				CLANG_WARN_OBJC_IMPLICIT_RETAIN_SELF = YES;
				CLANG_WARN_OBJC_LITERAL_CONVERSION = YES;
				CLANG_WARN_OBJC_ROOT_CLASS = YES_ERROR;
				CLANG_WARN_RANGE_LOOP_ANALYSIS = YES;
				CLANG_WARN_STRICT_PROTOTYPES = YES;
				CLANG_WARN_SUSPICIOUS_MOVE = YES;
				CLANG_WARN_UNGUARDED_AVAILABILITY = YES_AGGRESSIVE;
				CLANG_WARN_UNREACHABLE_CODE = YES;
				CLANG_WARN__DUPLICATE_METHOD_MATCH = YES;
				CODE_SIGN_IDENTITY = "iPhone Developer";
				COPY_PHASE_STRIP = NO;
				DEBUG_INFORMATION_FORMAT = "dwarf-with-dsym";
				ENABLE_NS_ASSERTIONS = NO;
				ENABLE_STRICT_OBJC_MSGSEND = YES;
				GCC_C_LANGUAGE_STANDARD = gnu11;
				GCC_NO_COMMON_BLOCKS = YES;
				GCC_WARN_64_TO_32_BIT_CONVERSION = YES;
				GCC_WARN_ABOUT_RETURN_TYPE = YES_ERROR;
				GCC_WARN_UNDECLARED_SELECTOR = YES;
				GCC_WARN_UNINITIALIZED_AUTOS = YES_AGGRESSIVE;
				GCC_WARN_UNUSED_FUNCTION = YES;
				GCC_WARN_UNUSED_VARIABLE = YES;
				IPHONEOS_DEPLOYMENT_TARGET = 12.2;
				MTL_ENABLE_DEBUG_INFO = NO;
				MTL_FAST_MATH = YES;
				SDKROOT = iphoneos;
				SWIFT_COMPILATION_MODE = wholemodule;
				SWIFT_OPTIMIZATION_LEVEL = "-O";
				VALIDATE_PRODUCT = YES;
			};
			name = Release;
		};
		7FFC2D532295472F00A9B00F /* Debug */ = {
			isa = XCBuildConfiguration;
			buildSettings = {
				ASSETCATALOG_COMPILER_APPICON_NAME = AppIcon;
				CODE_SIGN_STYLE = Automatic;
				DEVELOPMENT_TEAM = 4QJ72U548W;
				INFOPLIST_FILE = Quiz/Info.plist;
				LD_RUNPATH_SEARCH_PATHS = (
					"$(inherited)",
					"@executable_path/Frameworks",
				);
				PRODUCT_BUNDLE_IDENTIFIER = com.syedshakeeb.Quiz;
				PRODUCT_NAME = "$(TARGET_NAME)";
				SWIFT_VERSION = 5.0;
				TARGETED_DEVICE_FAMILY = "1,2";
			};
			name = Debug;
		};
		7FFC2D542295472F00A9B00F /* Release */ = {
			isa = XCBuildConfiguration;
			buildSettings = {
				ASSETCATALOG_COMPILER_APPICON_NAME = AppIcon;
				CODE_SIGN_STYLE = Automatic;
				DEVELOPMENT_TEAM = 4QJ72U548W;
				INFOPLIST_FILE = Quiz/Info.plist;
				LD_RUNPATH_SEARCH_PATHS = (
					"$(inherited)",
					"@executable_path/Frameworks",
				);
				PRODUCT_BUNDLE_IDENTIFIER = com.syedshakeeb.Quiz;
				PRODUCT_NAME = "$(TARGET_NAME)";
				SWIFT_VERSION = 5.0;
				TARGETED_DEVICE_FAMILY = "1,2";
			};
			name = Release;
		};
/* End XCBuildConfiguration section */

/* Begin XCConfigurationList section */
		7FFC2D3B2295472900A9B00F /* Build configuration list for PBXProject "Quiz" */ = {
			isa = XCConfigurationList;
			buildConfigurations = (
				7FFC2D502295472F00A9B00F /* Debug */,
				7FFC2D512295472F00A9B00F /* Release */,
			);
			defaultConfigurationIsVisible = 0;
			defaultConfigurationName = Release;
		};
		7FFC2D522295472F00A9B00F /* Build configuration list for PBXNativeTarget "Quiz" */ = {
			isa = XCConfigurationList;
			buildConfigurations = (
				7FFC2D532295472F00A9B00F /* Debug */,
				7FFC2D542295472F00A9B00F /* Release */,
			);
			defaultConfigurationIsVisible = 0;
			defaultConfigurationName = Release;
		};
/* End XCConfigurationList section */
	};
	rootObject = 7FFC2D382295472900A9B00F /* Project object */;
}
